// !$*UTF8*$!
{
	archiveVersion = 1;
	classes = {
	};
	objectVersion = 50;
	objects = {

/* Begin PBXBuildFile section */
		22530F6C214A3B0B00223E55 /* AppDelegate.m in Sources */ = {isa = PBXBuildFile; fileRef = 22530F6B214A3B0B00223E55 /* AppDelegate.m */; };
		22530F6F214A3B0B00223E55 /* ViewController.m in Sources */ = {isa = PBXBuildFile; fileRef = 22530F6E214A3B0B00223E55 /* ViewController.m */; };
		22530F72214A3B0B00223E55 /* Main.storyboard in Resources */ = {isa = PBXBuildFile; fileRef = 22530F70214A3B0B00223E55 /* Main.storyboard */; };
		22530F74214A3B0D00223E55 /* Assets.xcassets in Resources */ = {isa = PBXBuildFile; fileRef = 22530F73214A3B0D00223E55 /* Assets.xcassets */; };
		22530F77214A3B0D00223E55 /* LaunchScreen.storyboard in Resources */ = {isa = PBXBuildFile; fileRef = 22530F75214A3B0D00223E55 /* LaunchScreen.storyboard */; };
		22530F7A214A3B0D00223E55 /* main.m in Sources */ = {isa = PBXBuildFile; fileRef = 22530F79214A3B0D00223E55 /* main.m */; };
		22530FD3214A4DEE00223E55 /* SecondViewController.m in Sources */ = {isa = PBXBuildFile; fileRef = 22530FD2214A4DEE00223E55 /* SecondViewController.m */; };
		2D77DF8A2A9903860050EBFE /* EHFormKitResources.bundle in CopyFiles */ = {isa = PBXBuildFile; fileRef = 2D77DF892A9903860050EBFE /* EHFormKitResources.bundle */; settings = {ATTRIBUTES = (RemoveHeadersOnCopy, ); }; };
		2D97033E237CF12C00F8F99D /* EHPhoneNumberTableViewCell.m in Sources */ = {isa = PBXBuildFile; fileRef = 2D970320237CF12C00F8F99D /* EHPhoneNumberTableViewCell.m */; };
		2D97033F237CF12C00F8F99D /* EHPhoneNumberTableViewCell.xib in Resources */ = {isa = PBXBuildFile; fileRef = 2D970321237CF12C00F8F99D /* EHPhoneNumberTableViewCell.xib */; };
		2D970340237CF12C00F8F99D /* EHButtonTableViewCell.m in Sources */ = {isa = PBXBuildFile; fileRef = 2D970323237CF12C00F8F99D /* EHButtonTableViewCell.m */; };
		2D970342237CF12C00F8F99D /* EHSwitchTableViewCell.m in Sources */ = {isa = PBXBuildFile; fileRef = 2D970329237CF12C00F8F99D /* EHSwitchTableViewCell.m */; };
		2D970343237CF12C00F8F99D /* EHSwitchTableViewCell.xib in Resources */ = {isa = PBXBuildFile; fileRef = 2D97032A237CF12C00F8F99D /* EHSwitchTableViewCell.xib */; };
		2D970346237CF12C00F8F99D /* EHLabelTableViewCell.m in Sources */ = {isa = PBXBuildFile; fileRef = 2D970332237CF12C00F8F99D /* EHLabelTableViewCell.m */; };
		2D970347237CF12C00F8F99D /* EHLabelTableViewCell.xib in Resources */ = {isa = PBXBuildFile; fileRef = 2D970333237CF12C00F8F99D /* EHLabelTableViewCell.xib */; };
		9A818E6E248A0B09003EC518 /* EHTextFieldTableViewCell.m in Sources */ = {isa = PBXBuildFile; fileRef = 9A818E6C248A0B09003EC518 /* EHTextFieldTableViewCell.m */; };
		9A818E6F248A0B09003EC518 /* EHTextFieldTableViewCell.xib in Resources */ = {isa = PBXBuildFile; fileRef = 9A818E6D248A0B09003EC518 /* EHTextFieldTableViewCell.xib */; };
/* End PBXBuildFile section */

/* Begin PBXCopyFilesBuildPhase section */
		2DBFAB872A9755D200F371F7 /* CopyFiles */ = {
			isa = PBXCopyFilesBuildPhase;
			buildActionMask = 2147483647;
			dstPath = "";
			dstSubfolderSpec = 7;
			files = (
				2D77DF8A2A9903860050EBFE /* EHFormKitResources.bundle in CopyFiles */,
			);
			runOnlyForDeploymentPostprocessing = 0;
		};
/* End PBXCopyFilesBuildPhase section */

/* Begin PBXFileReference section */
		22530F67214A3B0B00223E55 /* EHFormKitDemo.app */ = {isa = PBXFileReference; explicitFileType = wrapper.application; includeInIndex = 0; path = EHFormKitDemo.app; sourceTree = BUILT_PRODUCTS_DIR; };
		22530F6A214A3B0B00223E55 /* AppDelegate.h */ = {isa = PBXFileReference; lastKnownFileType = sourcecode.c.h; path = AppDelegate.h; sourceTree = "<group>"; };
		22530F6B214A3B0B00223E55 /* AppDelegate.m */ = {isa = PBXFileReference; lastKnownFileType = sourcecode.c.objc; path = AppDelegate.m; sourceTree = "<group>"; };
		22530F6D214A3B0B00223E55 /* ViewController.h */ = {isa = PBXFileReference; lastKnownFileType = sourcecode.c.h; path = ViewController.h; sourceTree = "<group>"; };
		22530F6E214A3B0B00223E55 /* ViewController.m */ = {isa = PBXFileReference; lastKnownFileType = sourcecode.c.objc; path = ViewController.m; sourceTree = "<group>"; };
		22530F71214A3B0B00223E55 /* Base */ = {isa = PBXFileReference; lastKnownFileType = file.storyboard; name = Base; path = Base.lproj/Main.storyboard; sourceTree = "<group>"; };
		22530F73214A3B0D00223E55 /* Assets.xcassets */ = {isa = PBXFileReference; lastKnownFileType = folder.assetcatalog; path = Assets.xcassets; sourceTree = "<group>"; };
		22530F76214A3B0D00223E55 /* Base */ = {isa = PBXFileReference; lastKnownFileType = file.storyboard; name = Base; path = Base.lproj/LaunchScreen.storyboard; sourceTree = "<group>"; };
		22530F78214A3B0D00223E55 /* Info.plist */ = {isa = PBXFileReference; lastKnownFileType = text.plist.xml; path = Info.plist; sourceTree = "<group>"; };
		22530F79214A3B0D00223E55 /* main.m */ = {isa = PBXFileReference; lastKnownFileType = sourcecode.c.objc; path = main.m; sourceTree = "<group>"; };
		22530FD1214A4DEE00223E55 /* SecondViewController.h */ = {isa = PBXFileReference; lastKnownFileType = sourcecode.c.h; path = SecondViewController.h; sourceTree = "<group>"; };
		22530FD2214A4DEE00223E55 /* SecondViewController.m */ = {isa = PBXFileReference; lastKnownFileType = sourcecode.c.objc; path = SecondViewController.m; sourceTree = "<group>"; };
		2D77DF892A9903860050EBFE /* EHFormKitResources.bundle */ = {isa = PBXFileReference; lastKnownFileType = "wrapper.plug-in"; name = EHFormKitResources.bundle; path = ../EHFormKit/Resources/EHFormKitResources.bundle; sourceTree = "<group>"; };
		2D97031F237CF12C00F8F99D /* EHPhoneNumberTableViewCell.h */ = {isa = PBXFileReference; fileEncoding = 4; lastKnownFileType = sourcecode.c.h; path = EHPhoneNumberTableViewCell.h; sourceTree = "<group>"; };
		2D970320237CF12C00F8F99D /* EHPhoneNumberTableViewCell.m */ = {isa = PBXFileReference; fileEncoding = 4; lastKnownFileType = sourcecode.c.objc; path = EHPhoneNumberTableViewCell.m; sourceTree = "<group>"; };
		2D970321237CF12C00F8F99D /* EHPhoneNumberTableViewCell.xib */ = {isa = PBXFileReference; fileEncoding = 4; lastKnownFileType = file.xib; path = EHPhoneNumberTableViewCell.xib; sourceTree = "<group>"; };
		2D970323237CF12C00F8F99D /* EHButtonTableViewCell.m */ = {isa = PBXFileReference; fileEncoding = 4; lastKnownFileType = sourcecode.c.objc; path = EHButtonTableViewCell.m; sourceTree = "<group>"; };
		2D970324237CF12C00F8F99D /* EHButtonTableViewCell.h */ = {isa = PBXFileReference; fileEncoding = 4; lastKnownFileType = sourcecode.c.h; path = EHButtonTableViewCell.h; sourceTree = "<group>"; };
		2D970329237CF12C00F8F99D /* EHSwitchTableViewCell.m */ = {isa = PBXFileReference; fileEncoding = 4; lastKnownFileType = sourcecode.c.objc; path = EHSwitchTableViewCell.m; sourceTree = "<group>"; };
		2D97032A237CF12C00F8F99D /* EHSwitchTableViewCell.xib */ = {isa = PBXFileReference; fileEncoding = 4; lastKnownFileType = file.xib; path = EHSwitchTableViewCell.xib; sourceTree = "<group>"; };
		2D97032B237CF12C00F8F99D /* EHSwitchTableViewCell.h */ = {isa = PBXFileReference; fileEncoding = 4; lastKnownFileType = sourcecode.c.h; path = EHSwitchTableViewCell.h; sourceTree = "<group>"; };
		2D970331237CF12C00F8F99D /* EHLabelTableViewCell.h */ = {isa = PBXFileReference; fileEncoding = 4; lastKnownFileType = sourcecode.c.h; path = EHLabelTableViewCell.h; sourceTree = "<group>"; };
		2D970332237CF12C00F8F99D /* EHLabelTableViewCell.m */ = {isa = PBXFileReference; fileEncoding = 4; lastKnownFileType = sourcecode.c.objc; path = EHLabelTableViewCell.m; sourceTree = "<group>"; };
		2D970333237CF12C00F8F99D /* EHLabelTableViewCell.xib */ = {isa = PBXFileReference; fileEncoding = 4; lastKnownFileType = file.xib; path = EHLabelTableViewCell.xib; sourceTree = "<group>"; };
		9A818E6B248A0B09003EC518 /* EHTextFieldTableViewCell.h */ = {isa = PBXFileReference; lastKnownFileType = sourcecode.c.h; path = EHTextFieldTableViewCell.h; sourceTree = "<group>"; };
		9A818E6C248A0B09003EC518 /* EHTextFieldTableViewCell.m */ = {isa = PBXFileReference; lastKnownFileType = sourcecode.c.objc; path = EHTextFieldTableViewCell.m; sourceTree = "<group>"; };
		9A818E6D248A0B09003EC518 /* EHTextFieldTableViewCell.xib */ = {isa = PBXFileReference; lastKnownFileType = file.xib; path = EHTextFieldTableViewCell.xib; sourceTree = "<group>"; };
/* End PBXFileReference section */

/* Begin PBXFrameworksBuildPhase section */
		22530F64214A3B0B00223E55 /* Frameworks */ = {
			isa = PBXFrameworksBuildPhase;
			buildActionMask = 2147483647;
			files = (
			);
			runOnlyForDeploymentPostprocessing = 0;
		};
/* End PBXFrameworksBuildPhase section */

/* Begin PBXGroup section */
		22530F5E214A3B0B00223E55 = {
			isa = PBXGroup;
			children = (
				2D77DF892A9903860050EBFE /* EHFormKitResources.bundle */,
				22530F69214A3B0B00223E55 /* EHFormKitDemo */,
				22530F68214A3B0B00223E55 /* Products */,
				2DF9ACB62A9701B8006F0F56 /* Frameworks */,
			);
			sourceTree = "<group>";
		};
		22530F68214A3B0B00223E55 /* Products */ = {
			isa = PBXGroup;
			children = (
				22530F67214A3B0B00223E55 /* EHFormKitDemo.app */,
			);
			name = Products;
			sourceTree = "<group>";
		};
		22530F69214A3B0B00223E55 /* EHFormKitDemo */ = {
			isa = PBXGroup;
			children = (
				2D97031A237CF12C00F8F99D /* customCell */,
				22530F6D214A3B0B00223E55 /* ViewController.h */,
				22530F6E214A3B0B00223E55 /* ViewController.m */,
				22530FD1214A4DEE00223E55 /* SecondViewController.h */,
				22530FD2214A4DEE00223E55 /* SecondViewController.m */,
				22530FD0214A430C00223E55 /* Supporting Files */,
			);
			path = EHFormKitDemo;
			sourceTree = "<group>";
		};
		22530FD0214A430C00223E55 /* Supporting Files */ = {
			isa = PBXGroup;
			children = (
				22530F6A214A3B0B00223E55 /* AppDelegate.h */,
				22530F6B214A3B0B00223E55 /* AppDelegate.m */,
				22530F70214A3B0B00223E55 /* Main.storyboard */,
				22530F73214A3B0D00223E55 /* Assets.xcassets */,
				22530F75214A3B0D00223E55 /* LaunchScreen.storyboard */,
				22530F78214A3B0D00223E55 /* Info.plist */,
				22530F79214A3B0D00223E55 /* main.m */,
			);
			name = "Supporting Files";
			sourceTree = "<group>";
		};
		2D97031A237CF12C00F8F99D /* customCell */ = {
			isa = PBXGroup;
			children = (
				9A818E6A248A0ADF003EC518 /* EHTextFieldTableViewCell */,
				2D97031E237CF12C00F8F99D /* EHPhoneNumberTableViewCell */,
				2D970322237CF12C00F8F99D /* EHButtonTableViewCell */,
				2D970328237CF12C00F8F99D /* EHSwitchTableViewCell */,
				2D970330237CF12C00F8F99D /* EHLabelTableViewCell */,
			);
			path = customCell;
			sourceTree = "<group>";
		};
		2D97031E237CF12C00F8F99D /* EHPhoneNumberTableViewCell */ = {
			isa = PBXGroup;
			children = (
				2D97031F237CF12C00F8F99D /* EHPhoneNumberTableViewCell.h */,
				2D970320237CF12C00F8F99D /* EHPhoneNumberTableViewCell.m */,
				2D970321237CF12C00F8F99D /* EHPhoneNumberTableViewCell.xib */,
			);
			path = EHPhoneNumberTableViewCell;
			sourceTree = "<group>";
		};
		2D970322237CF12C00F8F99D /* EHButtonTableViewCell */ = {
			isa = PBXGroup;
			children = (
				2D970323237CF12C00F8F99D /* EHButtonTableViewCell.m */,
				2D970324237CF12C00F8F99D /* EHButtonTableViewCell.h */,
			);
			path = EHButtonTableViewCell;
			sourceTree = "<group>";
		};
		2D970328237CF12C00F8F99D /* EHSwitchTableViewCell */ = {
			isa = PBXGroup;
			children = (
				2D97032B237CF12C00F8F99D /* EHSwitchTableViewCell.h */,
				2D970329237CF12C00F8F99D /* EHSwitchTableViewCell.m */,
				2D97032A237CF12C00F8F99D /* EHSwitchTableViewCell.xib */,
			);
			path = EHSwitchTableViewCell;
			sourceTree = "<group>";
		};
		2D970330237CF12C00F8F99D /* EHLabelTableViewCell */ = {
			isa = PBXGroup;
			children = (
				2D970331237CF12C00F8F99D /* EHLabelTableViewCell.h */,
				2D970332237CF12C00F8F99D /* EHLabelTableViewCell.m */,
				2D970333237CF12C00F8F99D /* EHLabelTableViewCell.xib */,
			);
			path = EHLabelTableViewCell;
			sourceTree = "<group>";
		};
		2DF9ACB62A9701B8006F0F56 /* Frameworks */ = {
			isa = PBXGroup;
			children = (
			);
			name = Frameworks;
			sourceTree = "<group>";
		};
		9A818E6A248A0ADF003EC518 /* EHTextFieldTableViewCell */ = {
			isa = PBXGroup;
			children = (
				9A818E6B248A0B09003EC518 /* EHTextFieldTableViewCell.h */,
				9A818E6C248A0B09003EC518 /* EHTextFieldTableViewCell.m */,
				9A818E6D248A0B09003EC518 /* EHTextFieldTableViewCell.xib */,
			);
			path = EHTextFieldTableViewCell;
			sourceTree = "<group>";
		};
/* End PBXGroup section */

/* Begin PBXNativeTarget section */
		22530F66214A3B0B00223E55 /* EHFormKitDemo */ = {
			isa = PBXNativeTarget;
			buildConfigurationList = 22530F7D214A3B0D00223E55 /* Build configuration list for PBXNativeTarget "EHFormKitDemo" */;
			buildPhases = (
				22530F63214A3B0B00223E55 /* Sources */,
				22530F64214A3B0B00223E55 /* Frameworks */,
				22530F65214A3B0B00223E55 /* Resources */,
				2DBFAB872A9755D200F371F7 /* CopyFiles */,
			);
			buildRules = (
			);
			dependencies = (
			);
			name = EHFormKitDemo;
			productName = EHFormKitDemo;
			productReference = 22530F67214A3B0B00223E55 /* EHFormKitDemo.app */;
			productType = "com.apple.product-type.application";
		};
/* End PBXNativeTarget section */

/* Begin PBXProject section */
		22530F5F214A3B0B00223E55 /* Project object */ = {
			isa = PBXProject;
			attributes = {
				LastUpgradeCheck = 0930;
				ORGANIZATIONNAME = objcat;
				TargetAttributes = {
					22530F66214A3B0B00223E55 = {
						CreatedOnToolsVersion = 9.3;
					};
				};
			};
			buildConfigurationList = 22530F62214A3B0B00223E55 /* Build configuration list for PBXProject "EHFormKitDemo" */;
			compatibilityVersion = "Xcode 9.3";
			developmentRegion = en;
			hasScannedForEncodings = 0;
			knownRegions = (
				en,
				Base,
			);
			mainGroup = 22530F5E214A3B0B00223E55;
			productRefGroup = 22530F68214A3B0B00223E55 /* Products */;
			projectDirPath = "";
			projectRoot = "";
			targets = (
				22530F66214A3B0B00223E55 /* EHFormKitDemo */,
			);
		};
/* End PBXProject section */

/* Begin PBXResourcesBuildPhase section */
		22530F65214A3B0B00223E55 /* Resources */ = {
			isa = PBXResourcesBuildPhase;
			buildActionMask = 2147483647;
			files = (
				22530F77214A3B0D00223E55 /* LaunchScreen.storyboard in Resources */,
				2D970347237CF12C00F8F99D /* EHLabelTableViewCell.xib in Resources */,
				22530F74214A3B0D00223E55 /* Assets.xcassets in Resources */,
				2D970343237CF12C00F8F99D /* EHSwitchTableViewCell.xib in Resources */,
				22530F72214A3B0B00223E55 /* Main.storyboard in Resources */,
				9A818E6F248A0B09003EC518 /* EHTextFieldTableViewCell.xib in Resources */,
				2D97033F237CF12C00F8F99D /* EHPhoneNumberTableViewCell.xib in Resources */,
			);
			runOnlyForDeploymentPostprocessing = 0;
		};
/* End PBXResourcesBuildPhase section */

/* Begin PBXSourcesBuildPhase section */
		22530F63214A3B0B00223E55 /* Sources */ = {
			isa = PBXSourcesBuildPhase;
			buildActionMask = 2147483647;
			files = (
				22530F6F214A3B0B00223E55 /* ViewController.m in Sources */,
				2D970340237CF12C00F8F99D /* EHButtonTableViewCell.m in Sources */,
				2D97033E237CF12C00F8F99D /* EHPhoneNumberTableViewCell.m in Sources */,
				22530F7A214A3B0D00223E55 /* main.m in Sources */,
				22530FD3214A4DEE00223E55 /* SecondViewController.m in Sources */,
				2D970342237CF12C00F8F99D /* EHSwitchTableViewCell.m in Sources */,
				9A818E6E248A0B09003EC518 /* EHTextFieldTableViewCell.m in Sources */,
				2D970346237CF12C00F8F99D /* EHLabelTableViewCell.m in Sources */,
				22530F6C214A3B0B00223E55 /* AppDelegate.m in Sources */,
			);
			runOnlyForDeploymentPostprocessing = 0;
		};
/* End PBXSourcesBuildPhase section */

/* Begin PBXVariantGroup section */
		22530F70214A3B0B00223E55 /* Main.storyboard */ = {
			isa = PBXVariantGroup;
			children = (
				22530F71214A3B0B00223E55 /* Base */,
			);
			name = Main.storyboard;
			sourceTree = "<group>";
		};
		22530F75214A3B0D00223E55 /* LaunchScreen.storyboard */ = {
			isa = PBXVariantGroup;
			children = (
				22530F76214A3B0D00223E55 /* Base */,
			);
			name = LaunchScreen.storyboard;
			sourceTree = "<group>";
		};
/* End PBXVariantGroup section */

/* Begin XCBuildConfiguration section */
		22530F7B214A3B0D00223E55 /* Debug */ = {
			isa = XCBuildConfiguration;
			buildSettings = {
				ALWAYS_SEARCH_USER_PATHS = NO;
				CLANG_ANALYZER_NONNULL = YES;
				CLANG_ANALYZER_NUMBER_OBJECT_CONVERSION = YES_AGGRESSIVE;
				CLANG_CXX_LANGUAGE_STANDARD = "gnu++14";
				CLANG_CXX_LIBRARY = "libc++";
				CLANG_ENABLE_MODULES = YES;
				CLANG_ENABLE_OBJC_ARC = YES;
				CLANG_ENABLE_OBJC_WEAK = YES;
				CLANG_WARN_BLOCK_CAPTURE_AUTORELEASING = YES;
				CLANG_WARN_BOOL_CONVERSION = YES;
				CLANG_WARN_COMMA = YES;
				CLANG_WARN_CONSTANT_CONVERSION = YES;
				CLANG_WARN_DEPRECATED_OBJC_IMPLEMENTATIONS = YES;
				CLANG_WARN_DIRECT_OBJC_ISA_USAGE = YES_ERROR;
				CLANG_WARN_DOCUMENTATION_COMMENTS = YES;
				CLANG_WARN_EMPTY_BODY = YES;
				CLANG_WARN_ENUM_CONVERSION = YES;
				CLANG_WARN_INFINITE_RECURSION = YES;
				CLANG_WARN_INT_CONVERSION = YES;
				CLANG_WARN_NON_LITERAL_NULL_CONVERSION = YES;
				CLANG_WARN_OBJC_IMPLICIT_RETAIN_SELF = YES;
				CLANG_WARN_OBJC_LITERAL_CONVERSION = YES;
				CLANG_WARN_OBJC_ROOT_CLASS = YES_ERROR;
				CLANG_WARN_RANGE_LOOP_ANALYSIS = YES;
				CLANG_WARN_STRICT_PROTOTYPES = YES;
				CLANG_WARN_SUSPICIOUS_MOVE = YES;
				CLANG_WARN_UNGUARDED_AVAILABILITY = YES_AGGRESSIVE;
				CLANG_WARN_UNREACHABLE_CODE = YES;
				CLANG_WARN__DUPLICATE_METHOD_MATCH = YES;
				CODE_SIGN_IDENTITY = "iPhone Developer";
				COPY_PHASE_STRIP = NO;
				DEBUG_INFORMATION_FORMAT = dwarf;
				ENABLE_STRICT_OBJC_MSGSEND = YES;
				ENABLE_TESTABILITY = YES;
				GCC_C_LANGUAGE_STANDARD = gnu11;
				GCC_DYNAMIC_NO_PIC = NO;
				GCC_NO_COMMON_BLOCKS = YES;
				GCC_OPTIMIZATION_LEVEL = 0;
				GCC_PREPROCESSOR_DEFINITIONS = (
					"DEBUG=1",
					"$(inherited)",
				);
				GCC_WARN_64_TO_32_BIT_CONVERSION = YES;
				GCC_WARN_ABOUT_RETURN_TYPE = YES_ERROR;
				GCC_WARN_UNDECLARED_SELECTOR = YES;
				GCC_WARN_UNINITIALIZED_AUTOS = YES_AGGRESSIVE;
				GCC_WARN_UNUSED_FUNCTION = YES;
				GCC_WARN_UNUSED_VARIABLE = YES;
				IPHONEOS_DEPLOYMENT_TARGET = 11.3;
				MTL_ENABLE_DEBUG_INFO = YES;
				ONLY_ACTIVE_ARCH = YES;
				SDKROOT = iphoneos;
			};
			name = Debug;
		};
		22530F7C214A3B0D00223E55 /* Release */ = {
			isa = XCBuildConfiguration;
			buildSettings = {
				ALWAYS_SEARCH_USER_PATHS = NO;
				CLANG_ANALYZER_NONNULL = YES;
				CLANG_ANALYZER_NUMBER_OBJECT_CONVERSION = YES_AGGRESSIVE;
				CLANG_CXX_LANGUAGE_STANDARD = "gnu++14";
				CLANG_CXX_LIBRARY = "libc++";
				CLANG_ENABLE_MODULES = YES;
				CLANG_ENABLE_OBJC_ARC = YES;
				CLANG_ENABLE_OBJC_WEAK = YES;
				CLANG_WARN_BLOCK_CAPTURE_AUTORELEASING = YES;
				CLANG_WARN_BOOL_CONVERSION = YES;
				CLANG_WARN_COMMA = YES;
				CLANG_WARN_CONSTANT_CONVERSION = YES;
				CLANG_WARN_DEPRECATED_OBJC_IMPLEMENTATIONS = YES;
				CLANG_WARN_DIRECT_OBJC_ISA_USAGE = YES_ERROR;
				CLANG_WARN_DOCUMENTATION_COMMENTS = YES;
				CLANG_WARN_EMPTY_BODY = YES;
				CLANG_WARN_ENUM_CONVERSION = YES;
				CLANG_WARN_INFINITE_RECURSION = YES;
				CLANG_WARN_INT_CONVERSION = YES;
				CLANG_WARN_NON_LITERAL_NULL_CONVERSION = YES;
				CLANG_WARN_OBJC_IMPLICIT_RETAIN_SELF = YES;
				CLANG_WARN_OBJC_LITERAL_CONVERSION = YES;
				CLANG_WARN_OBJC_ROOT_CLASS = YES_ERROR;
				CLANG_WARN_RANGE_LOOP_ANALYSIS = YES;
				CLANG_WARN_STRICT_PROTOTYPES = YES;
				CLANG_WARN_SUSPICIOUS_MOVE = YES;
				CLANG_WARN_UNGUARDED_AVAILABILITY = YES_AGGRESSIVE;
				CLANG_WARN_UNREACHABLE_CODE = YES;
				CLANG_WARN__DUPLICATE_METHOD_MATCH = YES;
				CODE_SIGN_IDENTITY = "iPhone Developer";
				COPY_PHASE_STRIP = NO;
				DEBUG_INFORMATION_FORMAT = "dwarf-with-dsym";
				ENABLE_NS_ASSERTIONS = NO;
				ENABLE_STRICT_OBJC_MSGSEND = YES;
				GCC_C_LANGUAGE_STANDARD = gnu11;
				GCC_NO_COMMON_BLOCKS = YES;
				GCC_WARN_64_TO_32_BIT_CONVERSION = YES;
				GCC_WARN_ABOUT_RETURN_TYPE = YES_ERROR;
				GCC_WARN_UNDECLARED_SELECTOR = YES;
				GCC_WARN_UNINITIALIZED_AUTOS = YES_AGGRESSIVE;
				GCC_WARN_UNUSED_FUNCTION = YES;
				GCC_WARN_UNUSED_VARIABLE = YES;
				IPHONEOS_DEPLOYMENT_TARGET = 11.3;
				MTL_ENABLE_DEBUG_INFO = NO;
				SDKROOT = iphoneos;
				VALIDATE_PRODUCT = YES;
			};
			name = Release;
		};
		22530F7E214A3B0D00223E55 /* Debug */ = {
			isa = XCBuildConfiguration;
			buildSettings = {
				ASSETCATALOG_COMPILER_APPICON_NAME = AppIcon;
				CODE_SIGN_STYLE = Manual;
				CURRENT_PROJECT_VERSION = 1;
				DEVELOPMENT_TEAM = "";
				INFOPLIST_FILE = EHFormKitDemo/Info.plist;
				INFOPLIST_KEY_CFBundleDisplayName = EHFormKit;
				IPHONEOS_DEPLOYMENT_TARGET = 11.0;
				LD_RUNPATH_SEARCH_PATHS = (
					"$(inherited)",
					"@executable_path/Frameworks",
				);
				MARKETING_VERSION = 1.0.0;
				PRODUCT_BUNDLE_IDENTIFIER = com.objcat.EHFormKitDemo;
				PRODUCT_NAME = "$(TARGET_NAME)";
				PROVISIONING_PROFILE_SPECIFIER = "";
				TARGETED_DEVICE_FAMILY = "1,2";
			};
			name = Debug;
		};
		22530F7F214A3B0D00223E55 /* Release */ = {
			isa = XCBuildConfiguration;
			buildSettings = {
				ASSETCATALOG_COMPILER_APPICON_NAME = AppIcon;
				CODE_SIGN_STYLE = Manual;
				CURRENT_PROJECT_VERSION = 1;
				DEVELOPMENT_TEAM = "";
				INFOPLIST_FILE = EHFormKitDemo/Info.plist;
				INFOPLIST_KEY_CFBundleDisplayName = EHFormKit;
				IPHONEOS_DEPLOYMENT_TARGET = 11.0;
				LD_RUNPATH_SEARCH_PATHS = (
					"$(inherited)",
					"@executable_path/Frameworks",
				);
				MARKETING_VERSION = 1.0.0;
				PRODUCT_BUNDLE_IDENTIFIER = com.objcat.EHFormKitDemo;
				PRODUCT_NAME = "$(TARGET_NAME)";
				PROVISIONING_PROFILE_SPECIFIER = "";
				TARGETED_DEVICE_FAMILY = "1,2";
			};
			name = Release;
		};
/* End XCBuildConfiguration section */

/* Begin XCConfigurationList section */
		22530F62214A3B0B00223E55 /* Build configuration list for PBXProject "EHFormKitDemo" */ = {
			isa = XCConfigurationList;
			buildConfigurations = (
				22530F7B214A3B0D00223E55 /* Debug */,
				22530F7C214A3B0D00223E55 /* Release */,
			);
			defaultConfigurationIsVisible = 0;
			defaultConfigurationName = Release;
		};
		22530F7D214A3B0D00223E55 /* Build configuration list for PBXNativeTarget "EHFormKitDemo" */ = {
			isa = XCConfigurationList;
			buildConfigurations = (
				22530F7E214A3B0D00223E55 /* Debug */,
				22530F7F214A3B0D00223E55 /* Release */,
			);
			defaultConfigurationIsVisible = 0;
			defaultConfigurationName = Release;
		};
/* End XCConfigurationList section */
	};
	rootObject = 22530F5F214A3B0B00223E55 /* Project object */;
}
